// !$*UTF8*$!
{
	archiveVersion = 1;
	classes = {
	};
	objectVersion = 56;
	objects = {

/* Begin PBXBuildFile section */
		5261CB632B3CD30E0056AE26 /* main.c in Sources */ = {isa = PBXBuildFile; fileRef = 5261CB622B3CD30E0056AE26 /* main.c */; };
		5265E8B92B3CE37C00313603 /* input.c in Sources */ = {isa = PBXBuildFile; fileRef = 5265E8B82B3CE37C00313603 /* input.c */; };
		5265E8BB2B3CE41000313603 /* draw.c in Sources */ = {isa = PBXBuildFile; fileRef = 5265E8BA2B3CE41000313603 /* draw.c */; };
		5265E8BD2B3CE4BB00313603 /* init.c in Sources */ = {isa = PBXBuildFile; fileRef = 5265E8BC2B3CE4BB00313603 /* init.c */; };
		5265E8BE2B3CED4900313603 /* SDL2.framework in Frameworks */ = {isa = PBXBuildFile; fileRef = 5265E8B32B3CE1E000313603 /* SDL2.framework */; };
		5265E8BF2B3CED4900313603 /* SDL2.framework in Embed Frameworks */ = {isa = PBXBuildFile; fileRef = 5265E8B32B3CE1E000313603 /* SDL2.framework */; settings = {ATTRIBUTES = (RemoveHeadersOnCopy, ); }; };
		527B3E732B3CD58300BA5472 /* QwirkleKit in Frameworks */ = {isa = PBXBuildFile; productRef = 527B3E722B3CD58300BA5472 /* QwirkleKit */; };
/* End PBXBuildFile section */

/* Begin PBXCopyFilesBuildPhase section */
		5261CB5D2B3CD30E0056AE26 /* CopyFiles */ = {
			isa = PBXCopyFilesBuildPhase;
			buildActionMask = 2147483647;
			dstPath = /usr/share/man/man1/;
			dstSubfolderSpec = 0;
			files = (
			);
			runOnlyForDeploymentPostprocessing = 1;
		};
		5265E8B22B3CE18700313603 /* Embed Frameworks */ = {
			isa = PBXCopyFilesBuildPhase;
			buildActionMask = 2147483647;
			dstPath = "";
			dstSubfolderSpec = 11;
			files = (
				5265E8BF2B3CED4900313603 /* SDL2.framework in Embed Frameworks */,
			);
			name = "Embed Frameworks";
			runOnlyForDeploymentPostprocessing = 0;
		};
/* End PBXCopyFilesBuildPhase section */

/* Begin PBXFileReference section */
		5261CB5F2B3CD30E0056AE26 /* Qwirkle2D */ = {isa = PBXFileReference; explicitFileType = "compiled.mach-o.executable"; includeInIndex = 0; path = Qwirkle2D; sourceTree = BUILT_PRODUCTS_DIR; };
		5261CB622B3CD30E0056AE26 /* main.c */ = {isa = PBXFileReference; lastKnownFileType = sourcecode.c.c; path = main.c; sourceTree = "<group>"; };
		5265E8A92B3CDEC000313603 /* common.h */ = {isa = PBXFileReference; lastKnownFileType = sourcecode.c.h; path = common.h; sourceTree = "<group>"; };
		5265E8AA2B3CDEE100313603 /* defs.h */ = {isa = PBXFileReference; lastKnownFileType = sourcecode.c.h; path = defs.h; sourceTree = "<group>"; };
		5265E8AB2B3CE00A00313603 /* structs.h */ = {isa = PBXFileReference; lastKnownFileType = sourcecode.c.h; path = structs.h; sourceTree = "<group>"; };
		5265E8B32B3CE1E000313603 /* SDL2.framework */ = {isa = PBXFileReference; lastKnownFileType = wrapper.framework; path = SDL2.framework; sourceTree = "<group>"; };
		5265E8B52B3CE2D700313603 /* init.h */ = {isa = PBXFileReference; lastKnownFileType = sourcecode.c.h; path = init.h; sourceTree = "<group>"; };
		5265E8B62B3CE2FD00313603 /* draw.h */ = {isa = PBXFileReference; lastKnownFileType = sourcecode.c.h; path = draw.h; sourceTree = "<group>"; };
		5265E8B72B3CE33000313603 /* input.h */ = {isa = PBXFileReference; lastKnownFileType = sourcecode.c.h; path = input.h; sourceTree = "<group>"; };
		5265E8B82B3CE37C00313603 /* input.c */ = {isa = PBXFileReference; lastKnownFileType = sourcecode.c.c; path = input.c; sourceTree = "<group>"; };
		5265E8BA2B3CE41000313603 /* draw.c */ = {isa = PBXFileReference; lastKnownFileType = sourcecode.c.c; path = draw.c; sourceTree = "<group>"; };
		5265E8BC2B3CE4BB00313603 /* init.c */ = {isa = PBXFileReference; lastKnownFileType = sourcecode.c.c; path = init.c; sourceTree = "<group>"; };
		527B3E712B3CD55300BA5472 /* QwirkleKit */ = {isa = PBXFileReference; lastKnownFileType = wrapper; name = QwirkleKit; path = ../../QwirkleKit/QwirkleKit; sourceTree = "<group>"; };
/* End PBXFileReference section */

/* Begin PBXFrameworksBuildPhase section */
		5261CB5C2B3CD30E0056AE26 /* Frameworks */ = {
			isa = PBXFrameworksBuildPhase;
			buildActionMask = 2147483647;
			files = (
				527B3E732B3CD58300BA5472 /* QwirkleKit in Frameworks */,
				5265E8BE2B3CED4900313603 /* SDL2.framework in Frameworks */,
			);
			runOnlyForDeploymentPostprocessing = 0;
		};
/* End PBXFrameworksBuildPhase section */

/* Begin PBXGroup section */
		5261CB562B3CD30E0056AE26 = {
			isa = PBXGroup;
			children = (
				5261CB612B3CD30E0056AE26 /* Qwirkle2D */,
				527B3E712B3CD55300BA5472 /* QwirkleKit */,
				5261CB602B3CD30E0056AE26 /* Products */,
				5261CB692B3CD3960056AE26 /* Frameworks */,
			);
			sourceTree = "<group>";
		};
		5261CB602B3CD30E0056AE26 /* Products */ = {
			isa = PBXGroup;
			children = (
				5261CB5F2B3CD30E0056AE26 /* Qwirkle2D */,
			);
			name = Products;
			sourceTree = "<group>";
		};
		5261CB612B3CD30E0056AE26 /* Qwirkle2D */ = {
			isa = PBXGroup;
			children = (
				5265E8AA2B3CDEE100313603 /* defs.h */,
				5265E8AB2B3CE00A00313603 /* structs.h */,
				5265E8A92B3CDEC000313603 /* common.h */,
				5261CB622B3CD30E0056AE26 /* main.c */,
				5265E8B52B3CE2D700313603 /* init.h */,
				5265E8BC2B3CE4BB00313603 /* init.c */,
				5265E8B62B3CE2FD00313603 /* draw.h */,
				5265E8BA2B3CE41000313603 /* draw.c */,
				5265E8B72B3CE33000313603 /* input.h */,
				5265E8B82B3CE37C00313603 /* input.c */,
			);
			path = Qwirkle2D;
			sourceTree = "<group>";
		};
		5261CB692B3CD3960056AE26 /* Frameworks */ = {
			isa = PBXGroup;
			children = (
				5265E8B32B3CE1E000313603 /* SDL2.framework */,
			);
			name = Frameworks;
			sourceTree = "<group>";
		};
/* End PBXGroup section */

/* Begin PBXNativeTarget section */
		5261CB5E2B3CD30E0056AE26 /* Qwirkle2D */ = {
			isa = PBXNativeTarget;
			buildConfigurationList = 5261CB662B3CD30E0056AE26 /* Build configuration list for PBXNativeTarget "Qwirkle2D" */;
			buildPhases = (
				5261CB5B2B3CD30E0056AE26 /* Sources */,
				5261CB5C2B3CD30E0056AE26 /* Frameworks */,
				5261CB5D2B3CD30E0056AE26 /* CopyFiles */,
				5265E8B22B3CE18700313603 /* Embed Frameworks */,
			);
			buildRules = (
			);
			dependencies = (
			);
			name = Qwirkle2D;
			packageProductDependencies = (
				527B3E722B3CD58300BA5472 /* QwirkleKit */,
			);
			productName = Qwirkle2D;
			productReference = 5261CB5F2B3CD30E0056AE26 /* Qwirkle2D */;
			productType = "com.apple.product-type.tool";
		};
/* End PBXNativeTarget section */

/* Begin PBXProject section */
		5261CB572B3CD30E0056AE26 /* Project object */ = {
			isa = PBXProject;
			attributes = {
				BuildIndependentTargetsInParallel = 1;
				LastUpgradeCheck = 1510;
				TargetAttributes = {
					5261CB5E2B3CD30E0056AE26 = {
						CreatedOnToolsVersion = 15.1;
					};
				};
			};
			buildConfigurationList = 5261CB5A2B3CD30E0056AE26 /* Build configuration list for PBXProject "Qwirkle2D" */;
			compatibilityVersion = "Xcode 14.0";
			developmentRegion = en;
			hasScannedForEncodings = 0;
			knownRegions = (
				en,
				Base,
			);
			mainGroup = 5261CB562B3CD30E0056AE26;
			productRefGroup = 5261CB602B3CD30E0056AE26 /* Products */;
			projectDirPath = "";
			projectRoot = "";
			targets = (
				5261CB5E2B3CD30E0056AE26 /* Qwirkle2D */,
			);
		};
/* End PBXProject section */

/* Begin PBXSourcesBuildPhase section */
		5261CB5B2B3CD30E0056AE26 /* Sources */ = {
			isa = PBXSourcesBuildPhase;
			buildActionMask = 2147483647;
			files = (
				5265E8B92B3CE37C00313603 /* input.c in Sources */,
				5265E8BB2B3CE41000313603 /* draw.c in Sources */,
				5261CB632B3CD30E0056AE26 /* main.c in Sources */,
				5265E8BD2B3CE4BB00313603 /* init.c in Sources */,
			);
			runOnlyForDeploymentPostprocessing = 0;
		};
/* End PBXSourcesBuildPhase section */

/* Begin XCBuildConfiguration section */
		5261CB642B3CD30E0056AE26 /* Debug */ = {
			isa = XCBuildConfiguration;
			buildSettings = {
				ALWAYS_SEARCH_USER_PATHS = NO;
				ASSETCATALOG_COMPILER_GENERATE_SWIFT_ASSET_SYMBOL_EXTENSIONS = YES;
				CLANG_ANALYZER_NONNULL = YES;
				CLANG_ANALYZER_NUMBER_OBJECT_CONVERSION = YES_AGGRESSIVE;
				CLANG_CXX_LANGUAGE_STANDARD = "gnu++20";
				CLANG_ENABLE_MODULES = YES;
				CLANG_ENABLE_OBJC_ARC = YES;
				CLANG_ENABLE_OBJC_WEAK = YES;
				CLANG_WARN_BLOCK_CAPTURE_AUTORELEASING = YES;
				CLANG_WARN_BOOL_CONVERSION = YES;
				CLANG_WARN_COMMA = YES;
				CLANG_WARN_CONSTANT_CONVERSION = YES;
				CLANG_WARN_DEPRECATED_OBJC_IMPLEMENTATIONS = YES;
				CLANG_WARN_DIRECT_OBJC_ISA_USAGE = YES_ERROR;
				CLANG_WARN_DOCUMENTATION_COMMENTS = YES;
				CLANG_WARN_EMPTY_BODY = YES;
				CLANG_WARN_ENUM_CONVERSION = YES;
				CLANG_WARN_INFINITE_RECURSION = YES;
				CLANG_WARN_INT_CONVERSION = YES;
				CLANG_WARN_NON_LITERAL_NULL_CONVERSION = YES;
				CLANG_WARN_OBJC_IMPLICIT_RETAIN_SELF = YES;
				CLANG_WARN_OBJC_LITERAL_CONVERSION = YES;
				CLANG_WARN_OBJC_ROOT_CLASS = YES_ERROR;
				CLANG_WARN_QUOTED_INCLUDE_IN_FRAMEWORK_HEADER = YES;
				CLANG_WARN_RANGE_LOOP_ANALYSIS = YES;
				CLANG_WARN_STRICT_PROTOTYPES = YES;
				CLANG_WARN_SUSPICIOUS_MOVE = YES;
				CLANG_WARN_UNGUARDED_AVAILABILITY = YES_AGGRESSIVE;
				CLANG_WARN_UNREACHABLE_CODE = YES;
				CLANG_WARN__DUPLICATE_METHOD_MATCH = YES;
				COPY_PHASE_STRIP = NO;
				DEBUG_INFORMATION_FORMAT = dwarf;
				ENABLE_STRICT_OBJC_MSGSEND = YES;
				ENABLE_TESTABILITY = YES;
				ENABLE_USER_SCRIPT_SANDBOXING = YES;
				GCC_C_LANGUAGE_STANDARD = gnu17;
				GCC_DYNAMIC_NO_PIC = NO;
				GCC_NO_COMMON_BLOCKS = YES;
				GCC_OPTIMIZATION_LEVEL = 0;
				GCC_PREPROCESSOR_DEFINITIONS = (
					"DEBUG=1",
					"$(inherited)",
				);
				GCC_WARN_64_TO_32_BIT_CONVERSION = YES;
				GCC_WARN_ABOUT_RETURN_TYPE = YES_ERROR;
				GCC_WARN_UNDECLARED_SELECTOR = YES;
				GCC_WARN_UNINITIALIZED_AUTOS = YES_AGGRESSIVE;
				GCC_WARN_UNUSED_FUNCTION = YES;
				GCC_WARN_UNUSED_VARIABLE = YES;
				LOCALIZATION_PREFERS_STRING_CATALOGS = YES;
				MACOSX_DEPLOYMENT_TARGET = 14.2;
				MTL_ENABLE_DEBUG_INFO = INCLUDE_SOURCE;
				MTL_FAST_MATH = YES;
				ONLY_ACTIVE_ARCH = YES;
				SDKROOT = macosx;
			};
			name = Debug;
		};
		5261CB652B3CD30E0056AE26 /* Release */ = {
			isa = XCBuildConfiguration;
			buildSettings = {
				ALWAYS_SEARCH_USER_PATHS = NO;
				ASSETCATALOG_COMPILER_GENERATE_SWIFT_ASSET_SYMBOL_EXTENSIONS = YES;
				CLANG_ANALYZER_NONNULL = YES;
				CLANG_ANALYZER_NUMBER_OBJECT_CONVERSION = YES_AGGRESSIVE;
				CLANG_CXX_LANGUAGE_STANDARD = "gnu++20";
				CLANG_ENABLE_MODULES = YES;
				CLANG_ENABLE_OBJC_ARC = YES;
				CLANG_ENABLE_OBJC_WEAK = YES;
				CLANG_WARN_BLOCK_CAPTURE_AUTORELEASING = YES;
				CLANG_WARN_BOOL_CONVERSION = YES;
				CLANG_WARN_COMMA = YES;
				CLANG_WARN_CONSTANT_CONVERSION = YES;
				CLANG_WARN_DEPRECATED_OBJC_IMPLEMENTATIONS = YES;
				CLANG_WARN_DIRECT_OBJC_ISA_USAGE = YES_ERROR;
				CLANG_WARN_DOCUMENTATION_COMMENTS = YES;
				CLANG_WARN_EMPTY_BODY = YES;
				CLANG_WARN_ENUM_CONVERSION = YES;
				CLANG_WARN_INFINITE_RECURSION = YES;
				CLANG_WARN_INT_CONVERSION = YES;
				CLANG_WARN_NON_LITERAL_NULL_CONVERSION = YES;
				CLANG_WARN_OBJC_IMPLICIT_RETAIN_SELF = YES;
				CLANG_WARN_OBJC_LITERAL_CONVERSION = YES;
				CLANG_WARN_OBJC_ROOT_CLASS = YES_ERROR;
				CLANG_WARN_QUOTED_INCLUDE_IN_FRAMEWORK_HEADER = YES;
				CLANG_WARN_RANGE_LOOP_ANALYSIS = YES;
				CLANG_WARN_STRICT_PROTOTYPES = YES;
				CLANG_WARN_SUSPICIOUS_MOVE = YES;
				CLANG_WARN_UNGUARDED_AVAILABILITY = YES_AGGRESSIVE;
				CLANG_WARN_UNREACHABLE_CODE = YES;
				CLANG_WARN__DUPLICATE_METHOD_MATCH = YES;
				COPY_PHASE_STRIP = NO;
				DEBUG_INFORMATION_FORMAT = "dwarf-with-dsym";
				ENABLE_NS_ASSERTIONS = NO;
				ENABLE_STRICT_OBJC_MSGSEND = YES;
				ENABLE_USER_SCRIPT_SANDBOXING = YES;
				GCC_C_LANGUAGE_STANDARD = gnu17;
				GCC_NO_COMMON_BLOCKS = YES;
				GCC_WARN_64_TO_32_BIT_CONVERSION = YES;
				GCC_WARN_ABOUT_RETURN_TYPE = YES_ERROR;
				GCC_WARN_UNDECLARED_SELECTOR = YES;
				GCC_WARN_UNINITIALIZED_AUTOS = YES_AGGRESSIVE;
				GCC_WARN_UNUSED_FUNCTION = YES;
				GCC_WARN_UNUSED_VARIABLE = YES;
				LOCALIZATION_PREFERS_STRING_CATALOGS = YES;
				MACOSX_DEPLOYMENT_TARGET = 14.2;
				MTL_ENABLE_DEBUG_INFO = NO;
				MTL_FAST_MATH = YES;
				SDKROOT = macosx;
			};
			name = Release;
		};
		5261CB672B3CD30E0056AE26 /* Debug */ = {
			isa = XCBuildConfiguration;
			buildSettings = {
				CODE_SIGN_STYLE = Automatic;
				FRAMEWORK_SEARCH_PATHS = (
					"$(inherited)",
					"$(PROJECT_DIR)",
				);
				PRODUCT_NAME = "$(TARGET_NAME)";
			};
			name = Debug;
		};
		5261CB682B3CD30E0056AE26 /* Release */ = {
			isa = XCBuildConfiguration;
			buildSettings = {
				CODE_SIGN_STYLE = Automatic;
				FRAMEWORK_SEARCH_PATHS = (
					"$(inherited)",
					"$(PROJECT_DIR)",
				);
				PRODUCT_NAME = "$(TARGET_NAME)";
			};
			name = Release;
		};
/* End XCBuildConfiguration section */

/* Begin XCConfigurationList section */
		5261CB5A2B3CD30E0056AE26 /* Build configuration list for PBXProject "Qwirkle2D" */ = {
			isa = XCConfigurationList;
			buildConfigurations = (
				5261CB642B3CD30E0056AE26 /* Debug */,
				5261CB652B3CD30E0056AE26 /* Release */,
			);
			defaultConfigurationIsVisible = 0;
			defaultConfigurationName = Release;
		};
		5261CB662B3CD30E0056AE26 /* Build configuration list for PBXNativeTarget "Qwirkle2D" */ = {
			isa = XCConfigurationList;
			buildConfigurations = (
				5261CB672B3CD30E0056AE26 /* Debug */,
				5261CB682B3CD30E0056AE26 /* Release */,
			);
			defaultConfigurationIsVisible = 0;
			defaultConfigurationName = Release;
		};
/* End XCConfigurationList section */

/* Begin XCSwiftPackageProductDependency section */
		527B3E722B3CD58300BA5472 /* QwirkleKit */ = {
			isa = XCSwiftPackageProductDependency;
			productName = QwirkleKit;
		};
/* End XCSwiftPackageProductDependency section */
	};
	rootObject = 5261CB572B3CD30E0056AE26 /* Project object */;
}
